
Microsoft Visual Studio Solution File, Format Version 12.00
# Visual Studio Version 16
VisualStudioVersion = 16.0.30320.27
MinimumVisualStudioVersion = 10.0.40219.1
Project("{FAE04EC0-301F-11D3-BF4B-00C04F79EFBC}") = "ClientSide", "Task4\ClientSide.csproj", "{EA88510A-D36F-42EE-9A5F-9E8889F3C93B}"
EndProject
Project("{FAE04EC0-301F-11D3-BF4B-00C04F79EFBC}") = "ServerSide", "ServerSide\ServerSide.csproj", "{4BB6A31D-3D40-4DE4-9CA8-77BA7123AD0D}"
EndProject
Project("{FAE04EC0-301F-11D3-BF4B-00C04F79EFBC}") = "ClientSideTests", "ClientSideTests\ClientSideTests.csproj", "{F50FA54A-3F4B-41AB-85DF-814C87429728}"
EndProject
Global
	GlobalSection(SolutionConfigurationPlatforms) = preSolution
		Debug|Any CPU = Debug|Any CPU
		Release|Any CPU = Release|Any CPU
	EndGlobalSection
	GlobalSection(ProjectConfigurationPlatforms) = postSolution
		{EA88510A-D36F-42EE-9A5F-9E8889F3C93B}.Debug|Any CPU.ActiveCfg = Debug|Any CPU
		{EA88510A-D36F-42EE-9A5F-9E8889F3C93B}.Debug|Any CPU.Build.0 = Debug|Any CPU
		{EA88510A-D36F-42EE-9A5F-9E8889F3C93B}.Release|Any CPU.ActiveCfg = Release|Any CPU
		{EA88510A-D36F-42EE-9A5F-9E8889F3C93B}.Release|Any CPU.Build.0 = Release|Any CPU
		{4BB6A31D-3D40-4DE4-9CA8-77BA7123AD0D}.Debug|Any CPU.ActiveCfg = Debug|Any CPU
		{4BB6A31D-3D40-4DE4-9CA8-77BA7123AD0D}.Debug|Any CPU.Build.0 = Debug|Any CPU
		{4BB6A31D-3D40-4DE4-9CA8-77BA7123AD0D}.Release|Any CPU.ActiveCfg = Release|Any CPU
		{4BB6A31D-3D40-4DE4-9CA8-77BA7123AD0D}.Release|Any CPU.Build.0 = Release|Any CPU
		{F50FA54A-3F4B-41AB-85DF-814C87429728}.Debug|Any CPU.ActiveCfg = Debug|Any CPU
		{F50FA54A-3F4B-41AB-85DF-814C87429728}.Debug|Any CPU.Build.0 = Debug|Any CPU
		{F50FA54A-3F4B-41AB-85DF-814C87429728}.Release|Any CPU.ActiveCfg = Release|Any CPU
		{F50FA54A-3F4B-41AB-85DF-814C87429728}.Release|Any CPU.Build.0 = Release|Any CPU
	EndGlobalSection
	GlobalSection(SolutionProperties) = preSolution
		HideSolutionNode = FALSE
	EndGlobalSection
	GlobalSection(ExtensibilityGlobals) = postSolution
		SolutionGuid = {A641E614-D385-4558-96CF-54C6B9A44DC7}
	EndGlobalSection
EndGlobal
